
Microsoft Visual Studio Solution File, Format Version 12.00
# Visual Studio Version 17
VisualStudioVersion = 17.5.33502.453
MinimumVisualStudioVersion = 10.0.40219.1
Project("{FAE04EC0-301F-11D3-BF4B-00C04F79EFBC}") = "HashEnc", "HashEnc\HashEnc.csproj", "{893A22B4-3A9C-4A26-ACD7-576E6947E879}"
EndProject
Global
	GlobalSection(SolutionConfigurationPlatforms) = preSolution
		Debug|Any CPU = Debug|Any CPU
		Release|Any CPU = Release|Any CPU
	EndGlobalSection
	GlobalSection(ProjectConfigurationPlatforms) = postSolution
		{893A22B4-3A9C-4A26-ACD7-576E6947E879}.Debug|Any CPU.ActiveCfg = Debug|Any CPU
		{893A22B4-3A9C-4A26-ACD7-576E6947E879}.Debug|Any CPU.Build.0 = Debug|Any CPU
		{893A22B4-3A9C-4A26-ACD7-576E6947E879}.Release|Any CPU.ActiveCfg = Release|Any CPU
		{893A22B4-3A9C-4A26-ACD7-576E6947E879}.Release|Any CPU.Build.0 = Release|Any CPU
	EndGlobalSection
	GlobalSection(SolutionProperties) = preSolution
		HideSolutionNode = FALSE
	EndGlobalSection
	GlobalSection(ExtensibilityGlobals) = postSolution
		SolutionGuid = {AB3AEB46-BBB2-4A98-ADDC-F70017F7D8C8}
	EndGlobalSection
EndGlobal
